
Microsoft Visual Studio Solution File, Format Version 12.00
# Visual Studio Version 16
VisualStudioVersion = 16.0.31025.194
MinimumVisualStudioVersion = 10.0.40219.1
Project("{FAE04EC0-301F-11D3-BF4B-00C04F79EFBC}") = "DataBaseManager", "DataBaseManager\DataBaseManager.csproj", "{0B053215-C9DF-4795-92AC-035C954F2035}"
EndProject
Project("{00D1A9C2-B5F0-4AF3-8072-F6C62B433612}") = "MyDataBase", "MyDataBase\MyDataBase.sqlproj", "{21F15BD2-5EB0-49A8-AD76-5DE491A61664}"
EndProject
Project("{FAE04EC0-301F-11D3-BF4B-00C04F79EFBC}") = "WPFDataManger", "WPFDataManger\WPFDataManger.csproj", "{C8FAFB31-D446-470C-AF9A-BA1CDD9BAE64}"
EndProject
Project("{FAE04EC0-301F-11D3-BF4B-00C04F79EFBC}") = "DataBaseManager.Library", "DatBaseManager.Library\DataBaseManager.Library.csproj", "{A46C5F73-1A66-40BC-8E72-10A6686BB07A}"
EndProject
Project("{FAE04EC0-301F-11D3-BF4B-00C04F79EFBC}") = "WPFDataManager.Library", "WPFDataManager.Library\WPFDataManager.Library.csproj", "{B6584E11-B81C-4A22-A893-7A53C5B2BE36}"
EndProject
Project("{2150E333-8FDC-42A3-9474-1A3956D46DE8}") = "Solution Items", "Solution Items", "{68CDD31B-B2C7-41E3-B216-AAF7B384F6C4}"
	ProjectSection(SolutionItems) = preProject
		ToDo.txt = ToDo.txt
	EndProjectSection
EndProject
Global
	GlobalSection(SolutionConfigurationPlatforms) = preSolution
		Debug|Any CPU = Debug|Any CPU
		Release|Any CPU = Release|Any CPU
	EndGlobalSection
	GlobalSection(ProjectConfigurationPlatforms) = postSolution
		{0B053215-C9DF-4795-92AC-035C954F2035}.Debug|Any CPU.ActiveCfg = Debug|Any CPU
		{0B053215-C9DF-4795-92AC-035C954F2035}.Debug|Any CPU.Build.0 = Debug|Any CPU
		{0B053215-C9DF-4795-92AC-035C954F2035}.Release|Any CPU.ActiveCfg = Release|Any CPU
		{0B053215-C9DF-4795-92AC-035C954F2035}.Release|Any CPU.Build.0 = Release|Any CPU
		{21F15BD2-5EB0-49A8-AD76-5DE491A61664}.Debug|Any CPU.ActiveCfg = Debug|Any CPU
		{21F15BD2-5EB0-49A8-AD76-5DE491A61664}.Debug|Any CPU.Build.0 = Debug|Any CPU
		{21F15BD2-5EB0-49A8-AD76-5DE491A61664}.Debug|Any CPU.Deploy.0 = Debug|Any CPU
		{21F15BD2-5EB0-49A8-AD76-5DE491A61664}.Release|Any CPU.ActiveCfg = Release|Any CPU
		{21F15BD2-5EB0-49A8-AD76-5DE491A61664}.Release|Any CPU.Build.0 = Release|Any CPU
		{21F15BD2-5EB0-49A8-AD76-5DE491A61664}.Release|Any CPU.Deploy.0 = Release|Any CPU
		{C8FAFB31-D446-470C-AF9A-BA1CDD9BAE64}.Debug|Any CPU.ActiveCfg = Debug|Any CPU
		{C8FAFB31-D446-470C-AF9A-BA1CDD9BAE64}.Debug|Any CPU.Build.0 = Debug|Any CPU
		{C8FAFB31-D446-470C-AF9A-BA1CDD9BAE64}.Release|Any CPU.ActiveCfg = Release|Any CPU
		{C8FAFB31-D446-470C-AF9A-BA1CDD9BAE64}.Release|Any CPU.Build.0 = Release|Any CPU
		{A46C5F73-1A66-40BC-8E72-10A6686BB07A}.Debug|Any CPU.ActiveCfg = Debug|Any CPU
		{A46C5F73-1A66-40BC-8E72-10A6686BB07A}.Debug|Any CPU.Build.0 = Debug|Any CPU
		{A46C5F73-1A66-40BC-8E72-10A6686BB07A}.Release|Any CPU.ActiveCfg = Release|Any CPU
		{A46C5F73-1A66-40BC-8E72-10A6686BB07A}.Release|Any CPU.Build.0 = Release|Any CPU
		{B6584E11-B81C-4A22-A893-7A53C5B2BE36}.Debug|Any CPU.ActiveCfg = Debug|Any CPU
		{B6584E11-B81C-4A22-A893-7A53C5B2BE36}.Debug|Any CPU.Build.0 = Debug|Any CPU
		{B6584E11-B81C-4A22-A893-7A53C5B2BE36}.Release|Any CPU.ActiveCfg = Release|Any CPU
		{B6584E11-B81C-4A22-A893-7A53C5B2BE36}.Release|Any CPU.Build.0 = Release|Any CPU
	EndGlobalSection
	GlobalSection(SolutionProperties) = preSolution
		HideSolutionNode = FALSE
	EndGlobalSection
	GlobalSection(ExtensibilityGlobals) = postSolution
		SolutionGuid = {5F89C6CF-03C6-404C-AFBD-A664E232C1D4}
	EndGlobalSection
EndGlobal
